
Microsoft Visual Studio Solution File, Format Version 12.00
# Visual Studio Version 16
VisualStudioVersion = 16.0.30621.155
MinimumVisualStudioVersion = 10.0.40219.1
Project("{FAE04EC0-301F-11D3-BF4B-00C04F79EFBC}") = "MyContacts", "MyContacts\MyContacts.csproj", "{40883990-25C8-4417-BC3E-24C3DC02EE3E}"
EndProject
Global
	GlobalSection(SolutionConfigurationPlatforms) = preSolution
		Debug|Any CPU = Debug|Any CPU
		Release|Any CPU = Release|Any CPU
	EndGlobalSection
	GlobalSection(ProjectConfigurationPlatforms) = postSolution
		{40883990-25C8-4417-BC3E-24C3DC02EE3E}.Debug|Any CPU.ActiveCfg = Debug|Any CPU
		{40883990-25C8-4417-BC3E-24C3DC02EE3E}.Debug|Any CPU.Build.0 = Debug|Any CPU
		{40883990-25C8-4417-BC3E-24C3DC02EE3E}.Release|Any CPU.ActiveCfg = Release|Any CPU
		{40883990-25C8-4417-BC3E-24C3DC02EE3E}.Release|Any CPU.Build.0 = Release|Any CPU
	EndGlobalSection
	GlobalSection(SolutionProperties) = preSolution
		HideSolutionNode = FALSE
	EndGlobalSection
	GlobalSection(ExtensibilityGlobals) = postSolution
		SolutionGuid = {2D634AFE-D68C-49C2-BD8E-205B2CFF8113}
	EndGlobalSection
EndGlobal
